
Microsoft Visual Studio Solution File, Format Version 12.00
# Visual Studio 2013
VisualStudioVersion = 12.0.21005.1
MinimumVisualStudioVersion = 10.0.40219.1
Project("{FAE04EC0-301F-11D3-BF4B-00C04F79EFBC}") = "TestDownloader", "TestDownloader\TestDownloader.csproj", "{67454DE9-C624-4827-AAD1-F1A618192FF8}"
EndProject
Project("{FAE04EC0-301F-11D3-BF4B-00C04F79EFBC}") = "DownloaderExampleApp", "DownloaderExampleApp\DownloaderExampleApp.csproj", "{30FC0B9F-C021-4938-98EF-FA8177D3C2DB}"
EndProject
Project("{FAE04EC0-301F-11D3-BF4B-00C04F79EFBC}") = "TestDownloaderTest", "TestDownloaderTest\TestDownloaderTest.csproj", "{3849F8F8-FE5E-4E91-81B2-4E75489BE69C}"
EndProject
Global
	GlobalSection(SolutionConfigurationPlatforms) = preSolution
		Debug|Any CPU = Debug|Any CPU
		Release|Any CPU = Release|Any CPU
	EndGlobalSection
	GlobalSection(ProjectConfigurationPlatforms) = postSolution
		{67454DE9-C624-4827-AAD1-F1A618192FF8}.Debug|Any CPU.ActiveCfg = Debug|Any CPU
		{67454DE9-C624-4827-AAD1-F1A618192FF8}.Debug|Any CPU.Build.0 = Debug|Any CPU
		{67454DE9-C624-4827-AAD1-F1A618192FF8}.Release|Any CPU.ActiveCfg = Release|Any CPU
		{67454DE9-C624-4827-AAD1-F1A618192FF8}.Release|Any CPU.Build.0 = Release|Any CPU
		{30FC0B9F-C021-4938-98EF-FA8177D3C2DB}.Debug|Any CPU.ActiveCfg = Debug|Any CPU
		{30FC0B9F-C021-4938-98EF-FA8177D3C2DB}.Debug|Any CPU.Build.0 = Debug|Any CPU
		{30FC0B9F-C021-4938-98EF-FA8177D3C2DB}.Release|Any CPU.ActiveCfg = Release|Any CPU
		{30FC0B9F-C021-4938-98EF-FA8177D3C2DB}.Release|Any CPU.Build.0 = Release|Any CPU
		{3849F8F8-FE5E-4E91-81B2-4E75489BE69C}.Debug|Any CPU.ActiveCfg = Debug|Any CPU
		{3849F8F8-FE5E-4E91-81B2-4E75489BE69C}.Debug|Any CPU.Build.0 = Debug|Any CPU
		{3849F8F8-FE5E-4E91-81B2-4E75489BE69C}.Release|Any CPU.ActiveCfg = Release|Any CPU
		{3849F8F8-FE5E-4E91-81B2-4E75489BE69C}.Release|Any CPU.Build.0 = Release|Any CPU
	EndGlobalSection
	GlobalSection(SolutionProperties) = preSolution
		HideSolutionNode = FALSE
	EndGlobalSection
EndGlobal
